{
  "name": "xtra-hrms-automation",
  "version": "1.0.0",
  "lockfileVersion": 3,
  "requires": true,
  "packages": {
    "": {
      "name": "xtra-hrms-automation",
      "version": "1.0.0",
      "license": "BSD-3-Clause",
      "devDependencies": {
        "@brightlayer-ui/prettier-config": "^1.0.3",
        "prettier": "^2.8.8"
      }
    },
    "node_modules/@brightlayer-ui/prettier-config": {
      "version": "1.0.3",
      "resolved": "https://registry.npmjs.org/@brightlayer-ui/prettier-config/-/prettier-config-1.0.3.tgz",
      "integrity": "sha512-EYm3+V7Qd+oYEF+8FadsXAZqXryEHHbGnrV1BMp9selhABjceqUqXPVE4Sn3SKWQdBNJ3En2A3EzgrzRbvRTaw==",
      "dev": true,
      "peerDependencies": {
        "prettier": ">= 1.0.0"
      }
    },
    "node_modules/prettier": {
      "version": "2.8.8",
      "resolved": "https://registry.npmjs.org/prettier/-/prettier-2.8.8.tgz",
      "integrity": "sha512-tdN8qQGvNjw4CHbY+XXk0JgCXn9QiF21a55rBe5LJAU+kDyC4WQn4+awm2Xfk2lQMk5fKup9XgzTZtGkjBdP9Q==",
      "dev": true,
      "bin": {
        "prettier": "bin-prettier.js"
      },
      "engines": {
        "node": ">=10.13.0"
      },
      "funding": {
        "url": "https://github.com/prettier/prettier?sponsor=1"
      }
    }
  }
}
